// !$*UTF8*$!
{
	archiveVersion = 1;
	classes = {
	};
	objectVersion = 46;
	objects = {

/* Begin PBXBuildFile section */
		287310BA1CF5FF7B00ECC691 /* AppDelegate.swift in Sources */ = {isa = PBXBuildFile; fileRef = 287310B91CF5FF7B00ECC691 /* AppDelegate.swift */; };
		287310BC1CF5FF7B00ECC691 /* ViewController.swift in Sources */ = {isa = PBXBuildFile; fileRef = 287310BB1CF5FF7B00ECC691 /* ViewController.swift */; };
		287310BF1CF5FF7B00ECC691 /* Main.storyboard in Resources */ = {isa = PBXBuildFile; fileRef = 287310BD1CF5FF7B00ECC691 /* Main.storyboard */; };
		287310C21CF5FF7B00ECC691 /* AppAuthSampleSwift.xcdatamodeld in Sources */ = {isa = PBXBuildFile; fileRef = 287310C01CF5FF7B00ECC691 /* AppAuthSampleSwift.xcdatamodeld */; };
		287310C41CF5FF7B00ECC691 /* Assets.xcassets in Resources */ = {isa = PBXBuildFile; fileRef = 287310C31CF5FF7B00ECC691 /* Assets.xcassets */; };
		287310C71CF5FF7B00ECC691 /* LaunchScreen.storyboard in Resources */ = {isa = PBXBuildFile; fileRef = 287310C51CF5FF7B00ECC691 /* LaunchScreen.storyboard */; };
/* End PBXBuildFile section */

/* Begin PBXFileReference section */
		287310B61CF5FF7A00ECC691 /* AppAuthSampleSwift.app */ = {isa = PBXFileReference; explicitFileType = wrapper.application; includeInIndex = 0; path = AppAuthSampleSwift.app; sourceTree = BUILT_PRODUCTS_DIR; };
		287310B91CF5FF7B00ECC691 /* AppDelegate.swift */ = {isa = PBXFileReference; lastKnownFileType = sourcecode.swift; path = AppDelegate.swift; sourceTree = "<group>"; };
		287310BB1CF5FF7B00ECC691 /* ViewController.swift */ = {isa = PBXFileReference; lastKnownFileType = sourcecode.swift; path = ViewController.swift; sourceTree = "<group>"; };
		287310BE1CF5FF7B00ECC691 /* Base */ = {isa = PBXFileReference; lastKnownFileType = file.storyboard; name = Base; path = Base.lproj/Main.storyboard; sourceTree = "<group>"; };
		287310C11CF5FF7B00ECC691 /* AppAuthSampleSwift.xcdatamodel */ = {isa = PBXFileReference; lastKnownFileType = wrapper.xcdatamodel; path = AppAuthSampleSwift.xcdatamodel; sourceTree = "<group>"; };
		287310C31CF5FF7B00ECC691 /* Assets.xcassets */ = {isa = PBXFileReference; lastKnownFileType = folder.assetcatalog; path = Assets.xcassets; sourceTree = "<group>"; };
		287310C61CF5FF7B00ECC691 /* Base */ = {isa = PBXFileReference; lastKnownFileType = file.storyboard; name = Base; path = Base.lproj/LaunchScreen.storyboard; sourceTree = "<group>"; };
		287310C81CF5FF7B00ECC691 /* Info.plist */ = {isa = PBXFileReference; lastKnownFileType = text.plist.xml; path = Info.plist; sourceTree = "<group>"; };
/* End PBXFileReference section */

/* Begin PBXFrameworksBuildPhase section */
		287310B31CF5FF7A00ECC691 /* Frameworks */ = {
			isa = PBXFrameworksBuildPhase;
			buildActionMask = 2147483647;
			files = (
			);
			runOnlyForDeploymentPostprocessing = 0;
		};
/* End PBXFrameworksBuildPhase section */

/* Begin PBXGroup section */
		287310AD1CF5FF7A00ECC691 = {
			isa = PBXGroup;
			children = (
				287310B81CF5FF7B00ECC691 /* AppAuthSampleSwift */,
				287310B71CF5FF7A00ECC691 /* Products */,
			);
			sourceTree = "<group>";
		};
		287310B71CF5FF7A00ECC691 /* Products */ = {
			isa = PBXGroup;
			children = (
				287310B61CF5FF7A00ECC691 /* AppAuthSampleSwift.app */,
			);
			name = Products;
			sourceTree = "<group>";
		};
		287310B81CF5FF7B00ECC691 /* AppAuthSampleSwift */ = {
			isa = PBXGroup;
			children = (
				287310B91CF5FF7B00ECC691 /* AppDelegate.swift */,
				287310BB1CF5FF7B00ECC691 /* ViewController.swift */,
				287310BD1CF5FF7B00ECC691 /* Main.storyboard */,
				287310C31CF5FF7B00ECC691 /* Assets.xcassets */,
				287310C51CF5FF7B00ECC691 /* LaunchScreen.storyboard */,
				287310C81CF5FF7B00ECC691 /* Info.plist */,
				287310C01CF5FF7B00ECC691 /* AppAuthSampleSwift.xcdatamodeld */,
			);
			path = AppAuthSampleSwift;
			sourceTree = "<group>";
		};
/* End PBXGroup section */

/* Begin PBXNativeTarget section */
		287310B51CF5FF7A00ECC691 /* AppAuthSampleSwift */ = {
			isa = PBXNativeTarget;
			buildConfigurationList = 287310CB1CF5FF7B00ECC691 /* Build configuration list for PBXNativeTarget "AppAuthSampleSwift" */;
			buildPhases = (
				287310B21CF5FF7A00ECC691 /* Sources */,
				287310B31CF5FF7A00ECC691 /* Frameworks */,
				287310B41CF5FF7A00ECC691 /* Resources */,
			);
			buildRules = (
			);
			dependencies = (
			);
			name = AppAuthSampleSwift;
			productName = AppAuthSampleSwift;
			productReference = 287310B61CF5FF7A00ECC691 /* AppAuthSampleSwift.app */;
			productType = "com.apple.product-type.application";
		};
/* End PBXNativeTarget section */

/* Begin PBXProject section */
		287310AE1CF5FF7A00ECC691 /* Project object */ = {
			isa = PBXProject;
			attributes = {
				LastSwiftUpdateCheck = 0730;
				LastUpgradeCheck = 0730;
				ORGANIZATIONNAME = SillyApps;
				TargetAttributes = {
					287310B51CF5FF7A00ECC691 = {
						CreatedOnToolsVersion = 7.3.1;
					};
				};
			};
			buildConfigurationList = 287310B11CF5FF7A00ECC691 /* Build configuration list for PBXProject "AppAuthSampleSwift" */;
			compatibilityVersion = "Xcode 3.2";
			developmentRegion = English;
			hasScannedForEncodings = 0;
			knownRegions = (
				en,
				Base,
			);
			mainGroup = 287310AD1CF5FF7A00ECC691;
			productRefGroup = 287310B71CF5FF7A00ECC691 /* Products */;
			projectDirPath = "";
			projectRoot = "";
			targets = (
				287310B51CF5FF7A00ECC691 /* AppAuthSampleSwift */,
			);
		};
/* End PBXProject section */

/* Begin PBXResourcesBuildPhase section */
		287310B41CF5FF7A00ECC691 /* Resources */ = {
			isa = PBXResourcesBuildPhase;
			buildActionMask = 2147483647;
			files = (
				287310C71CF5FF7B00ECC691 /* LaunchScreen.storyboard in Resources */,
				287310C41CF5FF7B00ECC691 /* Assets.xcassets in Resources */,
				287310BF1CF5FF7B00ECC691 /* Main.storyboard in Resources */,
			);
			runOnlyForDeploymentPostprocessing = 0;
		};
/* End PBXResourcesBuildPhase section */

/* Begin PBXSourcesBuildPhase section */
		287310B21CF5FF7A00ECC691 /* Sources */ = {
			isa = PBXSourcesBuildPhase;
			buildActionMask = 2147483647;
			files = (
				287310BC1CF5FF7B00ECC691 /* ViewController.swift in Sources */,
				287310C21CF5FF7B00ECC691 /* AppAuthSampleSwift.xcdatamodeld in Sources */,
				287310BA1CF5FF7B00ECC691 /* AppDelegate.swift in Sources */,
			);
			runOnlyForDeploymentPostprocessing = 0;
		};
/* End PBXSourcesBuildPhase section */

/* Begin PBXVariantGroup section */
		287310BD1CF5FF7B00ECC691 /* Main.storyboard */ = {
			isa = PBXVariantGroup;
			children = (
				287310BE1CF5FF7B00ECC691 /* Base */,
			);
			name = Main.storyboard;
			sourceTree = "<group>";
		};
		287310C51CF5FF7B00ECC691 /* LaunchScreen.storyboard */ = {
			isa = PBXVariantGroup;
			children = (
				287310C61CF5FF7B00ECC691 /* Base */,
			);
			name = LaunchScreen.storyboard;
			sourceTree = "<group>";
		};
/* End PBXVariantGroup section */

/* Begin XCBuildConfiguration section */
		287310C91CF5FF7B00ECC691 /* Debug */ = {
			isa = XCBuildConfiguration;
			buildSettings = {
				ALWAYS_SEARCH_USER_PATHS = NO;
				CLANG_ANALYZER_NONNULL = YES;
				CLANG_CXX_LANGUAGE_STANDARD = "gnu++0x";
				CLANG_CXX_LIBRARY = "libc++";
				CLANG_ENABLE_MODULES = YES;
				CLANG_ENABLE_OBJC_ARC = YES;
				CLANG_WARN_BOOL_CONVERSION = YES;
				CLANG_WARN_CONSTANT_CONVERSION = YES;
				CLANG_WARN_DIRECT_OBJC_ISA_USAGE = YES_ERROR;
				CLANG_WARN_EMPTY_BODY = YES;
				CLANG_WARN_ENUM_CONVERSION = YES;
				CLANG_WARN_INT_CONVERSION = YES;
				CLANG_WARN_OBJC_ROOT_CLASS = YES_ERROR;
				CLANG_WARN_UNREACHABLE_CODE = YES;
				CLANG_WARN__DUPLICATE_METHOD_MATCH = YES;
				"CODE_SIGN_IDENTITY[sdk=iphoneos*]" = "iPhone Developer";
				COPY_PHASE_STRIP = NO;
				DEBUG_INFORMATION_FORMAT = dwarf;
				ENABLE_STRICT_OBJC_MSGSEND = YES;
				ENABLE_TESTABILITY = YES;
				GCC_C_LANGUAGE_STANDARD = gnu99;
				GCC_DYNAMIC_NO_PIC = NO;
				GCC_NO_COMMON_BLOCKS = YES;
				GCC_OPTIMIZATION_LEVEL = 0;
				GCC_PREPROCESSOR_DEFINITIONS = (
					"DEBUG=1",
					"$(inherited)",
				);
				GCC_WARN_64_TO_32_BIT_CONVERSION = YES;
				GCC_WARN_ABOUT_RETURN_TYPE = YES_ERROR;
				GCC_WARN_UNDECLARED_SELECTOR = YES;
				GCC_WARN_UNINITIALIZED_AUTOS = YES_AGGRESSIVE;
				GCC_WARN_UNUSED_FUNCTION = YES;
				GCC_WARN_UNUSED_VARIABLE = YES;
				IPHONEOS_DEPLOYMENT_TARGET = 9.3;
				MTL_ENABLE_DEBUG_INFO = YES;
				ONLY_ACTIVE_ARCH = YES;
				SDKROOT = iphoneos;
				SWIFT_OPTIMIZATION_LEVEL = "-Onone";
			};
			name = Debug;
		};
		287310CA1CF5FF7B00ECC691 /* Release */ = {
			isa = XCBuildConfiguration;
			buildSettings = {
				ALWAYS_SEARCH_USER_PATHS = NO;
				CLANG_ANALYZER_NONNULL = YES;
				CLANG_CXX_LANGUAGE_STANDARD = "gnu++0x";
				CLANG_CXX_LIBRARY = "libc++";
				CLANG_ENABLE_MODULES = YES;
				CLANG_ENABLE_OBJC_ARC = YES;
				CLANG_WARN_BOOL_CONVERSION = YES;
				CLANG_WARN_CONSTANT_CONVERSION = YES;
				CLANG_WARN_DIRECT_OBJC_ISA_USAGE = YES_ERROR;
				CLANG_WARN_EMPTY_BODY = YES;
				CLANG_WARN_ENUM_CONVERSION = YES;
				CLANG_WARN_INT_CONVERSION = YES;
				CLANG_WARN_OBJC_ROOT_CLASS = YES_ERROR;
				CLANG_WARN_UNREACHABLE_CODE = YES;
				CLANG_WARN__DUPLICATE_METHOD_MATCH = YES;
				"CODE_SIGN_IDENTITY[sdk=iphoneos*]" = "iPhone Developer";
				COPY_PHASE_STRIP = NO;
				DEBUG_INFORMATION_FORMAT = "dwarf-with-dsym";
				ENABLE_NS_ASSERTIONS = NO;
				ENABLE_STRICT_OBJC_MSGSEND = YES;
				GCC_C_LANGUAGE_STANDARD = gnu99;
				GCC_NO_COMMON_BLOCKS = YES;
				GCC_WARN_64_TO_32_BIT_CONVERSION = YES;
				GCC_WARN_ABOUT_RETURN_TYPE = YES_ERROR;
				GCC_WARN_UNDECLARED_SELECTOR = YES;
				GCC_WARN_UNINITIALIZED_AUTOS = YES_AGGRESSIVE;
				GCC_WARN_UNUSED_FUNCTION = YES;
				GCC_WARN_UNUSED_VARIABLE = YES;
				IPHONEOS_DEPLOYMENT_TARGET = 9.3;
				MTL_ENABLE_DEBUG_INFO = NO;
				SDKROOT = iphoneos;
				VALIDATE_PRODUCT = YES;
			};
			name = Release;
		};
		287310CC1CF5FF7B00ECC691 /* Debug */ = {
			isa = XCBuildConfiguration;
			buildSettings = {
				ASSETCATALOG_COMPILER_APPICON_NAME = AppIcon;
				INFOPLIST_FILE = AppAuthSampleSwift/Info.plist;
				LD_RUNPATH_SEARCH_PATHS = "$(inherited) @executable_path/Frameworks";
				PRODUCT_BUNDLE_IDENTIFIER = com.appauthsampleswift.www.AppAuthSampleSwift;
				PRODUCT_NAME = "$(TARGET_NAME)";
			};
			name = Debug;
		};
		287310CD1CF5FF7B00ECC691 /* Release */ = {
			isa = XCBuildConfiguration;
			buildSettings = {
				ASSETCATALOG_COMPILER_APPICON_NAME = AppIcon;
				INFOPLIST_FILE = AppAuthSampleSwift/Info.plist;
				LD_RUNPATH_SEARCH_PATHS = "$(inherited) @executable_path/Frameworks";
				PRODUCT_BUNDLE_IDENTIFIER = com.appauthsampleswift.www.AppAuthSampleSwift;
				PRODUCT_NAME = "$(TARGET_NAME)";
			};
			name = Release;
		};
/* End XCBuildConfiguration section */

/* Begin XCConfigurationList section */
		287310B11CF5FF7A00ECC691 /* Build configuration list for PBXProject "AppAuthSampleSwift" */ = {
			isa = XCConfigurationList;
			buildConfigurations = (
				287310C91CF5FF7B00ECC691 /* Debug */,
				287310CA1CF5FF7B00ECC691 /* Release */,
			);
			defaultConfigurationIsVisible = 0;
			defaultConfigurationName = Release;
		};
		287310CB1CF5FF7B00ECC691 /* Build configuration list for PBXNativeTarget "AppAuthSampleSwift" */ = {
			isa = XCConfigurationList;
			buildConfigurations = (
				287310CC1CF5FF7B00ECC691 /* Debug */,
				287310CD1CF5FF7B00ECC691 /* Release */,
			);
			defaultConfigurationIsVisible = 0;
		};
/* End XCConfigurationList section */

/* Begin XCVersionGroup section */
		287310C01CF5FF7B00ECC691 /* AppAuthSampleSwift.xcdatamodeld */ = {
			isa = XCVersionGroup;
			children = (
				287310C11CF5FF7B00ECC691 /* AppAuthSampleSwift.xcdatamodel */,
			);
			currentVersion = 287310C11CF5FF7B00ECC691 /* AppAuthSampleSwift.xcdatamodel */;
			path = AppAuthSampleSwift.xcdatamodeld;
			sourceTree = "<group>";
			versionGroupType = wrapper.xcdatamodel;
		};
/* End XCVersionGroup section */
	};
	rootObject = 287310AE1CF5FF7A00ECC691 /* Project object */;
}
